
Microsoft Visual Studio Solution File, Format Version 12.00
# Visual Studio Version 16
VisualStudioVersion = 16.0.30717.126
MinimumVisualStudioVersion = 10.0.40219.1
Project("{FAE04EC0-301F-11D3-BF4B-00C04F79EFBC}") = "Covid.Client", "Covid.Client\Covid.Client.csproj", "{2232AC73-CA81-40D2-A379-BFB9F7C8B624}"
EndProject
Project("{FAE04EC0-301F-11D3-BF4B-00C04F79EFBC}") = "Covid.Server", "Covid.Server\Covid.Server.csproj", "{39C7406F-0450-4631-A887-5CFC837E1324}"
EndProject
Project("{FAE04EC0-301F-11D3-BF4B-00C04F79EFBC}") = "Covid.Shared", "Covid.Shared\Covid.Shared.csproj", "{C21DA031-104D-4A33-B83B-B10FABBF2377}"
EndProject
Global
	GlobalSection(SolutionConfigurationPlatforms) = preSolution
		Debug|Any CPU = Debug|Any CPU
		Release|Any CPU = Release|Any CPU
	EndGlobalSection
	GlobalSection(ProjectConfigurationPlatforms) = postSolution
		{2232AC73-CA81-40D2-A379-BFB9F7C8B624}.Debug|Any CPU.ActiveCfg = Debug|Any CPU
		{2232AC73-CA81-40D2-A379-BFB9F7C8B624}.Debug|Any CPU.Build.0 = Debug|Any CPU
		{2232AC73-CA81-40D2-A379-BFB9F7C8B624}.Release|Any CPU.ActiveCfg = Release|Any CPU
		{2232AC73-CA81-40D2-A379-BFB9F7C8B624}.Release|Any CPU.Build.0 = Release|Any CPU
		{39C7406F-0450-4631-A887-5CFC837E1324}.Debug|Any CPU.ActiveCfg = Debug|Any CPU
		{39C7406F-0450-4631-A887-5CFC837E1324}.Debug|Any CPU.Build.0 = Debug|Any CPU
		{39C7406F-0450-4631-A887-5CFC837E1324}.Release|Any CPU.ActiveCfg = Release|Any CPU
		{39C7406F-0450-4631-A887-5CFC837E1324}.Release|Any CPU.Build.0 = Release|Any CPU
		{C21DA031-104D-4A33-B83B-B10FABBF2377}.Debug|Any CPU.ActiveCfg = Debug|Any CPU
		{C21DA031-104D-4A33-B83B-B10FABBF2377}.Debug|Any CPU.Build.0 = Debug|Any CPU
		{C21DA031-104D-4A33-B83B-B10FABBF2377}.Release|Any CPU.ActiveCfg = Release|Any CPU
		{C21DA031-104D-4A33-B83B-B10FABBF2377}.Release|Any CPU.Build.0 = Release|Any CPU
	EndGlobalSection
	GlobalSection(SolutionProperties) = preSolution
		HideSolutionNode = FALSE
	EndGlobalSection
	GlobalSection(ExtensibilityGlobals) = postSolution
		SolutionGuid = {B71821D9-E28B-4DE7-9B70-36F88F73D854}
	EndGlobalSection
EndGlobal
